
Microsoft Visual Studio Solution File, Format Version 12.00
# Visual Studio Version 17
VisualStudioVersion = 17.0.31903.59
MinimumVisualStudioVersion = 10.0.40219.1
Project("{2150E333-8FDC-42A3-9474-1A3956D46DE8}") = "src", "src", "{827E0CD3-B72D-47B6-A68D-7590B98EB39B}"
EndProject
Project("{FAE04EC0-301F-11D3-BF4B-00C04F79EFBC}") = "BonBon.AppHost", "src\BonBon.AppHost\BonBon.AppHost.csproj", "{725D879A-0EFA-4621-AE09-37EDA57F2A1A}"
EndProject
Project("{FAE04EC0-301F-11D3-BF4B-00C04F79EFBC}") = "BonBon.ServiceDefaults", "src\BonBon.ServiceDefaults\BonBon.ServiceDefaults.csproj", "{B05F03E6-9E36-42C6-9197-4E457E872FC3}"
EndProject
Project("{FAE04EC0-301F-11D3-BF4B-00C04F79EFBC}") = "BonBon.AgentHost", "src\BonBon.AgentHost\BonBon.AgentHost.csproj", "{41462115-C2F6-491F-9D12-57B8A16B878A}"
EndProject
Project("{FAE04EC0-301F-11D3-BF4B-00C04F79EFBC}") = "BonBon.Shared", "src\BonBon.Shared\BonBon.Shared.csproj", "{75BDA106-A6FD-4336-813D-460A6BFB134D}"
EndProject
Project("{FAE04EC0-301F-11D3-BF4B-00C04F79EFBC}") = "BonBon.McpServers", "src\BonBon.McpServers\BonBon.McpServers.csproj", "{CD142B97-4B45-4FB4-8CA8-19F8DB2F6CA4}"
EndProject
Global
	GlobalSection(SolutionConfigurationPlatforms) = preSolution
		Debug|Any CPU = Debug|Any CPU
		Debug|x64 = Debug|x64
		Debug|x86 = Debug|x86
		Release|Any CPU = Release|Any CPU
		Release|x64 = Release|x64
		Release|x86 = Release|x86
	EndGlobalSection
	GlobalSection(ProjectConfigurationPlatforms) = postSolution
		{725D879A-0EFA-4621-AE09-37EDA57F2A1A}.Debug|Any CPU.ActiveCfg = Debug|Any CPU
		{725D879A-0EFA-4621-AE09-37EDA57F2A1A}.Debug|Any CPU.Build.0 = Debug|Any CPU
		{725D879A-0EFA-4621-AE09-37EDA57F2A1A}.Debug|x64.ActiveCfg = Debug|Any CPU
		{725D879A-0EFA-4621-AE09-37EDA57F2A1A}.Debug|x64.Build.0 = Debug|Any CPU
		{725D879A-0EFA-4621-AE09-37EDA57F2A1A}.Debug|x86.ActiveCfg = Debug|Any CPU
		{725D879A-0EFA-4621-AE09-37EDA57F2A1A}.Debug|x86.Build.0 = Debug|Any CPU
		{725D879A-0EFA-4621-AE09-37EDA57F2A1A}.Release|Any CPU.ActiveCfg = Release|Any CPU
		{725D879A-0EFA-4621-AE09-37EDA57F2A1A}.Release|Any CPU.Build.0 = Release|Any CPU
		{725D879A-0EFA-4621-AE09-37EDA57F2A1A}.Release|x64.ActiveCfg = Release|Any CPU
		{725D879A-0EFA-4621-AE09-37EDA57F2A1A}.Release|x64.Build.0 = Release|Any CPU
		{725D879A-0EFA-4621-AE09-37EDA57F2A1A}.Release|x86.ActiveCfg = Release|Any CPU
		{725D879A-0EFA-4621-AE09-37EDA57F2A1A}.Release|x86.Build.0 = Release|Any CPU
		{B05F03E6-9E36-42C6-9197-4E457E872FC3}.Debug|Any CPU.ActiveCfg = Debug|Any CPU
		{B05F03E6-9E36-42C6-9197-4E457E872FC3}.Debug|Any CPU.Build.0 = Debug|Any CPU
		{B05F03E6-9E36-42C6-9197-4E457E872FC3}.Debug|x64.ActiveCfg = Debug|Any CPU
		{B05F03E6-9E36-42C6-9197-4E457E872FC3}.Debug|x64.Build.0 = Debug|Any CPU
		{B05F03E6-9E36-42C6-9197-4E457E872FC3}.Debug|x86.ActiveCfg = Debug|Any CPU
		{B05F03E6-9E36-42C6-9197-4E457E872FC3}.Debug|x86.Build.0 = Debug|Any CPU
		{B05F03E6-9E36-42C6-9197-4E457E872FC3}.Release|Any CPU.ActiveCfg = Release|Any CPU
		{B05F03E6-9E36-42C6-9197-4E457E872FC3}.Release|Any CPU.Build.0 = Release|Any CPU
		{B05F03E6-9E36-42C6-9197-4E457E872FC3}.Release|x64.ActiveCfg = Release|Any CPU
		{B05F03E6-9E36-42C6-9197-4E457E872FC3}.Release|x64.Build.0 = Release|Any CPU
		{B05F03E6-9E36-42C6-9197-4E457E872FC3}.Release|x86.ActiveCfg = Release|Any CPU
		{B05F03E6-9E36-42C6-9197-4E457E872FC3}.Release|x86.Build.0 = Release|Any CPU
		{41462115-C2F6-491F-9D12-57B8A16B878A}.Debug|Any CPU.ActiveCfg = Debug|Any CPU
		{41462115-C2F6-491F-9D12-57B8A16B878A}.Debug|Any CPU.Build.0 = Debug|Any CPU
		{41462115-C2F6-491F-9D12-57B8A16B878A}.Debug|x64.ActiveCfg = Debug|Any CPU
		{41462115-C2F6-491F-9D12-57B8A16B878A}.Debug|x64.Build.0 = Debug|Any CPU
		{41462115-C2F6-491F-9D12-57B8A16B878A}.Debug|x86.ActiveCfg = Debug|Any CPU
		{41462115-C2F6-491F-9D12-57B8A16B878A}.Debug|x86.Build.0 = Debug|Any CPU
		{41462115-C2F6-491F-9D12-57B8A16B878A}.Release|Any CPU.ActiveCfg = Release|Any CPU
		{41462115-C2F6-491F-9D12-57B8A16B878A}.Release|Any CPU.Build.0 = Release|Any CPU
		{41462115-C2F6-491F-9D12-57B8A16B878A}.Release|x64.ActiveCfg = Release|Any CPU
		{41462115-C2F6-491F-9D12-57B8A16B878A}.Release|x64.Build.0 = Release|Any CPU
		{41462115-C2F6-491F-9D12-57B8A16B878A}.Release|x86.ActiveCfg = Release|Any CPU
		{41462115-C2F6-491F-9D12-57B8A16B878A}.Release|x86.Build.0 = Release|Any CPU
		{75BDA106-A6FD-4336-813D-460A6BFB134D}.Debug|Any CPU.ActiveCfg = Debug|Any CPU
		{75BDA106-A6FD-4336-813D-460A6BFB134D}.Debug|Any CPU.Build.0 = Debug|Any CPU
		{75BDA106-A6FD-4336-813D-460A6BFB134D}.Debug|x64.ActiveCfg = Debug|Any CPU
		{75BDA106-A6FD-4336-813D-460A6BFB134D}.Debug|x64.Build.0 = Debug|Any CPU
		{75BDA106-A6FD-4336-813D-460A6BFB134D}.Debug|x86.ActiveCfg = Debug|Any CPU
		{75BDA106-A6FD-4336-813D-460A6BFB134D}.Debug|x86.Build.0 = Debug|Any CPU
		{75BDA106-A6FD-4336-813D-460A6BFB134D}.Release|Any CPU.ActiveCfg = Release|Any CPU
		{75BDA106-A6FD-4336-813D-460A6BFB134D}.Release|Any CPU.Build.0 = Release|Any CPU
		{75BDA106-A6FD-4336-813D-460A6BFB134D}.Release|x64.ActiveCfg = Release|Any CPU
		{75BDA106-A6FD-4336-813D-460A6BFB134D}.Release|x64.Build.0 = Release|Any CPU
		{75BDA106-A6FD-4336-813D-460A6BFB134D}.Release|x86.ActiveCfg = Release|Any CPU
		{75BDA106-A6FD-4336-813D-460A6BFB134D}.Release|x86.Build.0 = Release|Any CPU
		{CD142B97-4B45-4FB4-8CA8-19F8DB2F6CA4}.Debug|Any CPU.ActiveCfg = Debug|Any CPU
		{CD142B97-4B45-4FB4-8CA8-19F8DB2F6CA4}.Debug|Any CPU.Build.0 = Debug|Any CPU
		{CD142B97-4B45-4FB4-8CA8-19F8DB2F6CA4}.Debug|x64.ActiveCfg = Debug|Any CPU
		{CD142B97-4B45-4FB4-8CA8-19F8DB2F6CA4}.Debug|x64.Build.0 = Debug|Any CPU
		{CD142B97-4B45-4FB4-8CA8-19F8DB2F6CA4}.Debug|x86.ActiveCfg = Debug|Any CPU
		{CD142B97-4B45-4FB4-8CA8-19F8DB2F6CA4}.Debug|x86.Build.0 = Debug|Any CPU
		{CD142B97-4B45-4FB4-8CA8-19F8DB2F6CA4}.Release|Any CPU.ActiveCfg = Release|Any CPU
		{CD142B97-4B45-4FB4-8CA8-19F8DB2F6CA4}.Release|Any CPU.Build.0 = Release|Any CPU
		{CD142B97-4B45-4FB4-8CA8-19F8DB2F6CA4}.Release|x64.ActiveCfg = Release|Any CPU
		{CD142B97-4B45-4FB4-8CA8-19F8DB2F6CA4}.Release|x64.Build.0 = Release|Any CPU
		{CD142B97-4B45-4FB4-8CA8-19F8DB2F6CA4}.Release|x86.ActiveCfg = Release|Any CPU
		{CD142B97-4B45-4FB4-8CA8-19F8DB2F6CA4}.Release|x86.Build.0 = Release|Any CPU
	EndGlobalSection
	GlobalSection(SolutionProperties) = preSolution
		HideSolutionNode = FALSE
	EndGlobalSection
	GlobalSection(NestedProjects) = preSolution
		{725D879A-0EFA-4621-AE09-37EDA57F2A1A} = {827E0CD3-B72D-47B6-A68D-7590B98EB39B}
		{B05F03E6-9E36-42C6-9197-4E457E872FC3} = {827E0CD3-B72D-47B6-A68D-7590B98EB39B}
		{41462115-C2F6-491F-9D12-57B8A16B878A} = {827E0CD3-B72D-47B6-A68D-7590B98EB39B}
		{75BDA106-A6FD-4336-813D-460A6BFB134D} = {827E0CD3-B72D-47B6-A68D-7590B98EB39B}
		{CD142B97-4B45-4FB4-8CA8-19F8DB2F6CA4} = {827E0CD3-B72D-47B6-A68D-7590B98EB39B}
	EndGlobalSection
EndGlobal
